
Microsoft Visual Studio Solution File, Format Version 12.00
# Visual Studio 2012
Project("{FAE04EC0-301F-11D3-BF4B-00C04F79EFBC}") = "fingerGame", "fingerGame\fingerGame.csproj", "{B3494F6F-AFB6-489E-A844-4F7B761B46D5}"
EndProject
Project("{FAE04EC0-301F-11D3-BF4B-00C04F79EFBC}") = "ClassEmployeeLibrary", "ClassEmployeeLibrary\ClassEmployeeLibrary.csproj", "{7C166C57-48C9-40FD-B5A4-F8BEF428BA96}"
EndProject
Project("{FAE04EC0-301F-11D3-BF4B-00C04F79EFBC}") = "example0626", "example0626\example0626.csproj", "{4D1055B6-7089-4588-B4E3-EF170D444820}"
EndProject
Project("{FAE04EC0-301F-11D3-BF4B-00C04F79EFBC}") = "BirthdayParty (first version)", "Practice01 - BirthdayParty (first version)\BirthdayParty (first version)\BirthdayParty (first version).csproj", "{3785E823-86D5-4007-872B-9CA2DAF71076}"
EndProject
Project("{FAE04EC0-301F-11D3-BF4B-00C04F79EFBC}") = "example01_20150630", "example01_20150630\example01_20150630.csproj", "{E02A17A9-3AD4-4D9B-917E-5F27354C45ED}"
EndProject
Project("{FAE04EC0-301F-11D3-BF4B-00C04F79EFBC}") = "example02_20150630", "example02_20150630\example02_20150630.csproj", "{935D002C-026B-45AC-9011-25458EB0BC94}"
EndProject
Global
	GlobalSection(SolutionConfigurationPlatforms) = preSolution
		Debug|Any CPU = Debug|Any CPU
		Release|Any CPU = Release|Any CPU
	EndGlobalSection
	GlobalSection(ProjectConfigurationPlatforms) = postSolution
		{B3494F6F-AFB6-489E-A844-4F7B761B46D5}.Debug|Any CPU.ActiveCfg = Debug|Any CPU
		{B3494F6F-AFB6-489E-A844-4F7B761B46D5}.Debug|Any CPU.Build.0 = Debug|Any CPU
		{B3494F6F-AFB6-489E-A844-4F7B761B46D5}.Release|Any CPU.ActiveCfg = Release|Any CPU
		{B3494F6F-AFB6-489E-A844-4F7B761B46D5}.Release|Any CPU.Build.0 = Release|Any CPU
		{7C166C57-48C9-40FD-B5A4-F8BEF428BA96}.Debug|Any CPU.ActiveCfg = Debug|Any CPU
		{7C166C57-48C9-40FD-B5A4-F8BEF428BA96}.Debug|Any CPU.Build.0 = Debug|Any CPU
		{7C166C57-48C9-40FD-B5A4-F8BEF428BA96}.Release|Any CPU.ActiveCfg = Release|Any CPU
		{7C166C57-48C9-40FD-B5A4-F8BEF428BA96}.Release|Any CPU.Build.0 = Release|Any CPU
		{4D1055B6-7089-4588-B4E3-EF170D444820}.Debug|Any CPU.ActiveCfg = Debug|Any CPU
		{4D1055B6-7089-4588-B4E3-EF170D444820}.Debug|Any CPU.Build.0 = Debug|Any CPU
		{4D1055B6-7089-4588-B4E3-EF170D444820}.Release|Any CPU.ActiveCfg = Release|Any CPU
		{4D1055B6-7089-4588-B4E3-EF170D444820}.Release|Any CPU.Build.0 = Release|Any CPU
		{3785E823-86D5-4007-872B-9CA2DAF71076}.Debug|Any CPU.ActiveCfg = Debug|Any CPU
		{3785E823-86D5-4007-872B-9CA2DAF71076}.Debug|Any CPU.Build.0 = Debug|Any CPU
		{3785E823-86D5-4007-872B-9CA2DAF71076}.Release|Any CPU.ActiveCfg = Release|Any CPU
		{3785E823-86D5-4007-872B-9CA2DAF71076}.Release|Any CPU.Build.0 = Release|Any CPU
		{E02A17A9-3AD4-4D9B-917E-5F27354C45ED}.Debug|Any CPU.ActiveCfg = Debug|Any CPU
		{E02A17A9-3AD4-4D9B-917E-5F27354C45ED}.Debug|Any CPU.Build.0 = Debug|Any CPU
		{E02A17A9-3AD4-4D9B-917E-5F27354C45ED}.Release|Any CPU.ActiveCfg = Release|Any CPU
		{E02A17A9-3AD4-4D9B-917E-5F27354C45ED}.Release|Any CPU.Build.0 = Release|Any CPU
		{935D002C-026B-45AC-9011-25458EB0BC94}.Debug|Any CPU.ActiveCfg = Debug|Any CPU
		{935D002C-026B-45AC-9011-25458EB0BC94}.Debug|Any CPU.Build.0 = Debug|Any CPU
		{935D002C-026B-45AC-9011-25458EB0BC94}.Release|Any CPU.ActiveCfg = Release|Any CPU
		{935D002C-026B-45AC-9011-25458EB0BC94}.Release|Any CPU.Build.0 = Release|Any CPU
	EndGlobalSection
	GlobalSection(SolutionProperties) = preSolution
		HideSolutionNode = FALSE
	EndGlobalSection
EndGlobal
